
Microsoft Visual Studio Solution File, Format Version 12.00
# Visual Studio Version 16
VisualStudioVersion = 16.0.31025.194
MinimumVisualStudioVersion = 10.0.40219.1
Project("{FAE04EC0-301F-11D3-BF4B-00C04F79EFBC}") = "PaymentWithPayPalRestAPI", "PaymentWithPayPalRestAPI\PaymentWithPayPalRestAPI.csproj", "{00FBE824-58A3-4B68-ABFD-C80E7D98BFEE}"
EndProject
Global
	GlobalSection(SolutionConfigurationPlatforms) = preSolution
		Debug|Any CPU = Debug|Any CPU
		Release|Any CPU = Release|Any CPU
	EndGlobalSection
	GlobalSection(ProjectConfigurationPlatforms) = postSolution
		{00FBE824-58A3-4B68-ABFD-C80E7D98BFEE}.Debug|Any CPU.ActiveCfg = Debug|Any CPU
		{00FBE824-58A3-4B68-ABFD-C80E7D98BFEE}.Debug|Any CPU.Build.0 = Debug|Any CPU
		{00FBE824-58A3-4B68-ABFD-C80E7D98BFEE}.Release|Any CPU.ActiveCfg = Release|Any CPU
		{00FBE824-58A3-4B68-ABFD-C80E7D98BFEE}.Release|Any CPU.Build.0 = Release|Any CPU
	EndGlobalSection
	GlobalSection(SolutionProperties) = preSolution
		HideSolutionNode = FALSE
	EndGlobalSection
	GlobalSection(ExtensibilityGlobals) = postSolution
		SolutionGuid = {81E040AE-77CA-4652-BD11-10F6BCFBB722}
	EndGlobalSection
EndGlobal
